
Microsoft Visual Studio Solution File, Format Version 12.00
# Visual Studio 15
VisualStudioVersion = 15.0.27004.2008
MinimumVisualStudioVersion = 10.0.40219.1
Project("{FAE04EC0-301F-11D3-BF4B-00C04F79EFBC}") = "Apps.Web", "Apps.Web\Apps.Web.csproj", "{D842514C-31F0-4733-8297-8081866291E4}"
EndProject
Project("{2150E333-8FDC-42A3-9474-1A3956D46DE8}") = "Apps.Base", "Apps.Base", "{9D464A17-DD42-433A-AB94-8894EA8EAB99}"
EndProject
Project("{FAE04EC0-301F-11D3-BF4B-00C04F79EFBC}") = "Apps.BLL", "Apps.BLL\Apps.BLL.csproj", "{EFF9E32E-D6EC-495E-AD53-D5D0242C1687}"
EndProject
Project("{FAE04EC0-301F-11D3-BF4B-00C04F79EFBC}") = "Apps.DAL", "Apps.DAL\Apps.DAL.csproj", "{1D3D2851-9B57-4196-9026-9C6DA81213BB}"
EndProject
Project("{FAE04EC0-301F-11D3-BF4B-00C04F79EFBC}") = "Apps.IBLL", "Apps.IBLL\Apps.IBLL.csproj", "{2AAFBE1D-6D7D-4831-BCFE-0600D0F583CF}"
EndProject
Project("{FAE04EC0-301F-11D3-BF4B-00C04F79EFBC}") = "Apps.IDAL", "Apps.IDAL\Apps.IDAL.csproj", "{1820EDC6-622B-4950-AF32-7C7A76D73B75}"
EndProject
Project("{FAE04EC0-301F-11D3-BF4B-00C04F79EFBC}") = "Apps.Models", "Apps.Models\Apps.Models.csproj", "{83F494C9-33F3-4889-97F9-82A87D2FFE85}"
EndProject
Project("{FAE04EC0-301F-11D3-BF4B-00C04F79EFBC}") = "Apps.Locale", "Apps.Locale\Apps.Locale.csproj", "{18977C55-8A3A-46A8-82CE-74391B6774BA}"
EndProject
Project("{FAE04EC0-301F-11D3-BF4B-00C04F79EFBC}") = "Apps.Jobs", "Apps.Jobs\Apps.Jobs.csproj", "{7113FC64-F6C8-4506-BF51-CEDBA081E63F}"
EndProject
Project("{FAE04EC0-301F-11D3-BF4B-00C04F79EFBC}") = "Apps.Core", "Apps.Core\Apps.Core.csproj", "{7DE2C96A-8CFA-4512-BCF9-A48314E4DE60}"
EndProject
Project("{FAE04EC0-301F-11D3-BF4B-00C04F79EFBC}") = "Apps.Common", "Apps.Common\Apps.Common.csproj", "{EE4C2573-4B45-4AF5-8F97-23B2679CD6C1}"
EndProject
Project("{FAE04EC0-301F-11D3-BF4B-00C04F79EFBC}") = "Apps.WebApi", "Apps.WebApi\Apps.WebApi.csproj", "{1E4E575B-D5C4-48AC-80C4-7BDD4112C617}"
EndProject
Global
	GlobalSection(SolutionConfigurationPlatforms) = preSolution
		Debug|Any CPU = Debug|Any CPU
		Release|Any CPU = Release|Any CPU
	EndGlobalSection
	GlobalSection(ProjectConfigurationPlatforms) = postSolution
		{D842514C-31F0-4733-8297-8081866291E4}.Debug|Any CPU.ActiveCfg = Debug|Any CPU
		{D842514C-31F0-4733-8297-8081866291E4}.Debug|Any CPU.Build.0 = Debug|Any CPU
		{D842514C-31F0-4733-8297-8081866291E4}.Release|Any CPU.ActiveCfg = Release|Any CPU
		{D842514C-31F0-4733-8297-8081866291E4}.Release|Any CPU.Build.0 = Release|Any CPU
		{EFF9E32E-D6EC-495E-AD53-D5D0242C1687}.Debug|Any CPU.ActiveCfg = Debug|Any CPU
		{EFF9E32E-D6EC-495E-AD53-D5D0242C1687}.Debug|Any CPU.Build.0 = Debug|Any CPU
		{EFF9E32E-D6EC-495E-AD53-D5D0242C1687}.Release|Any CPU.ActiveCfg = Release|Any CPU
		{EFF9E32E-D6EC-495E-AD53-D5D0242C1687}.Release|Any CPU.Build.0 = Release|Any CPU
		{1D3D2851-9B57-4196-9026-9C6DA81213BB}.Debug|Any CPU.ActiveCfg = Debug|Any CPU
		{1D3D2851-9B57-4196-9026-9C6DA81213BB}.Debug|Any CPU.Build.0 = Debug|Any CPU
		{1D3D2851-9B57-4196-9026-9C6DA81213BB}.Release|Any CPU.ActiveCfg = Release|Any CPU
		{1D3D2851-9B57-4196-9026-9C6DA81213BB}.Release|Any CPU.Build.0 = Release|Any CPU
		{2AAFBE1D-6D7D-4831-BCFE-0600D0F583CF}.Debug|Any CPU.ActiveCfg = Debug|Any CPU
		{2AAFBE1D-6D7D-4831-BCFE-0600D0F583CF}.Debug|Any CPU.Build.0 = Debug|Any CPU
		{2AAFBE1D-6D7D-4831-BCFE-0600D0F583CF}.Release|Any CPU.ActiveCfg = Release|Any CPU
		{2AAFBE1D-6D7D-4831-BCFE-0600D0F583CF}.Release|Any CPU.Build.0 = Release|Any CPU
		{1820EDC6-622B-4950-AF32-7C7A76D73B75}.Debug|Any CPU.ActiveCfg = Debug|Any CPU
		{1820EDC6-622B-4950-AF32-7C7A76D73B75}.Debug|Any CPU.Build.0 = Debug|Any CPU
		{1820EDC6-622B-4950-AF32-7C7A76D73B75}.Release|Any CPU.ActiveCfg = Release|Any CPU
		{1820EDC6-622B-4950-AF32-7C7A76D73B75}.Release|Any CPU.Build.0 = Release|Any CPU
		{83F494C9-33F3-4889-97F9-82A87D2FFE85}.Debug|Any CPU.ActiveCfg = Debug|Any CPU
		{83F494C9-33F3-4889-97F9-82A87D2FFE85}.Debug|Any CPU.Build.0 = Debug|Any CPU
		{83F494C9-33F3-4889-97F9-82A87D2FFE85}.Release|Any CPU.ActiveCfg = Release|Any CPU
		{83F494C9-33F3-4889-97F9-82A87D2FFE85}.Release|Any CPU.Build.0 = Release|Any CPU
		{18977C55-8A3A-46A8-82CE-74391B6774BA}.Debug|Any CPU.ActiveCfg = Debug|Any CPU
		{18977C55-8A3A-46A8-82CE-74391B6774BA}.Debug|Any CPU.Build.0 = Debug|Any CPU
		{18977C55-8A3A-46A8-82CE-74391B6774BA}.Release|Any CPU.ActiveCfg = Release|Any CPU
		{18977C55-8A3A-46A8-82CE-74391B6774BA}.Release|Any CPU.Build.0 = Release|Any CPU
		{7113FC64-F6C8-4506-BF51-CEDBA081E63F}.Debug|Any CPU.ActiveCfg = Debug|Any CPU
		{7113FC64-F6C8-4506-BF51-CEDBA081E63F}.Debug|Any CPU.Build.0 = Debug|Any CPU
		{7113FC64-F6C8-4506-BF51-CEDBA081E63F}.Release|Any CPU.ActiveCfg = Release|Any CPU
		{7113FC64-F6C8-4506-BF51-CEDBA081E63F}.Release|Any CPU.Build.0 = Release|Any CPU
		{7DE2C96A-8CFA-4512-BCF9-A48314E4DE60}.Debug|Any CPU.ActiveCfg = Debug|Any CPU
		{7DE2C96A-8CFA-4512-BCF9-A48314E4DE60}.Debug|Any CPU.Build.0 = Debug|Any CPU
		{7DE2C96A-8CFA-4512-BCF9-A48314E4DE60}.Release|Any CPU.ActiveCfg = Release|Any CPU
		{7DE2C96A-8CFA-4512-BCF9-A48314E4DE60}.Release|Any CPU.Build.0 = Release|Any CPU
		{EE4C2573-4B45-4AF5-8F97-23B2679CD6C1}.Debug|Any CPU.ActiveCfg = Debug|Any CPU
		{EE4C2573-4B45-4AF5-8F97-23B2679CD6C1}.Debug|Any CPU.Build.0 = Debug|Any CPU
		{EE4C2573-4B45-4AF5-8F97-23B2679CD6C1}.Release|Any CPU.ActiveCfg = Release|Any CPU
		{EE4C2573-4B45-4AF5-8F97-23B2679CD6C1}.Release|Any CPU.Build.0 = Release|Any CPU
		{1E4E575B-D5C4-48AC-80C4-7BDD4112C617}.Debug|Any CPU.ActiveCfg = Debug|Any CPU
		{1E4E575B-D5C4-48AC-80C4-7BDD4112C617}.Debug|Any CPU.Build.0 = Debug|Any CPU
		{1E4E575B-D5C4-48AC-80C4-7BDD4112C617}.Release|Any CPU.ActiveCfg = Release|Any CPU
		{1E4E575B-D5C4-48AC-80C4-7BDD4112C617}.Release|Any CPU.Build.0 = Release|Any CPU
	EndGlobalSection
	GlobalSection(SolutionProperties) = preSolution
		HideSolutionNode = FALSE
	EndGlobalSection
	GlobalSection(NestedProjects) = preSolution
		{EFF9E32E-D6EC-495E-AD53-D5D0242C1687} = {9D464A17-DD42-433A-AB94-8894EA8EAB99}
		{1D3D2851-9B57-4196-9026-9C6DA81213BB} = {9D464A17-DD42-433A-AB94-8894EA8EAB99}
		{2AAFBE1D-6D7D-4831-BCFE-0600D0F583CF} = {9D464A17-DD42-433A-AB94-8894EA8EAB99}
		{1820EDC6-622B-4950-AF32-7C7A76D73B75} = {9D464A17-DD42-433A-AB94-8894EA8EAB99}
	EndGlobalSection
	GlobalSection(ExtensibilityGlobals) = postSolution
		SolutionGuid = {C90D8B95-9583-4257-8D40-BEAFFBF67119}
	EndGlobalSection
EndGlobal
